set_global_assignment -name SYSTEMVERILOG_FILE /data/project/tsmc65/users/mentcy/ws/my_k5_proj/hw/xlrs/FFT_conv/FFT_conv.sv

set_global_assignment -name SYSTEMVERILOG_FILE /data/project/tsmc65/users/mentcy/ws/my_k5_proj/hw/xlrs/FFT_conv/div.sv

set_global_assignment -name SYSTEMVERILOG_FILE /data/project/tsmc65/users/mentcy/ws/my_k5_proj/hw/xlrs/FFT_conv/fft_engine.sv

set_global_assignment -name VERILOG_MACRO "CRNT_XLR=FFT_conv"